
Microsoft Visual Studio Solution File, Format Version 12.00
# Visual Studio Version 16
VisualStudioVersion = 16.0.31729.503
MinimumVisualStudioVersion = 10.0.40219.1
Project("{FAE04EC0-301F-11D3-BF4B-00C04F79EFBC}") = "EPS_UI", "EPS_UI\EPS_UI.csproj", "{732DD81F-A903-4E4E-866B-2B117B1C8BF4}"
EndProject
Global
	GlobalSection(SolutionConfigurationPlatforms) = preSolution
		Debug|Any CPU = Debug|Any CPU
		Release|Any CPU = Release|Any CPU
	EndGlobalSection
	GlobalSection(ProjectConfigurationPlatforms) = postSolution
		{732DD81F-A903-4E4E-866B-2B117B1C8BF4}.Debug|Any CPU.ActiveCfg = Debug|Any CPU
		{732DD81F-A903-4E4E-866B-2B117B1C8BF4}.Debug|Any CPU.Build.0 = Debug|Any CPU
		{732DD81F-A903-4E4E-866B-2B117B1C8BF4}.Release|Any CPU.ActiveCfg = Release|Any CPU
		{732DD81F-A903-4E4E-866B-2B117B1C8BF4}.Release|Any CPU.Build.0 = Release|Any CPU
	EndGlobalSection
	GlobalSection(SolutionProperties) = preSolution
		HideSolutionNode = FALSE
	EndGlobalSection
	GlobalSection(ExtensibilityGlobals) = postSolution
		SolutionGuid = {FB107D75-6634-41D9-BC5C-520073727221}
	EndGlobalSection
EndGlobal
